// !$*UTF8*$!
{
	archiveVersion = 1;
	classes = {
	};
	objectVersion = 46;
	objects = {

/* Begin PBXBuildFile section */
		2D3F87CD1483D078005F549A /* Foundation.framework in Frameworks */ = {isa = PBXBuildFile; fileRef = 2D3F87CC1483D078005F549A /* Foundation.framework */; };
		2D3F87D31483D078005F549A /* kiss.m in Sources */ = {isa = PBXBuildFile; fileRef = 2D3F87D21483D078005F549A /* kiss.m */; };
/* End PBXBuildFile section */

/* Begin PBXFileReference section */
		2D3F87C91483D078005F549A /* libkiss.a */ = {isa = PBXFileReference; explicitFileType = archive.ar; includeInIndex = 0; path = libkiss.a; sourceTree = BUILT_PRODUCTS_DIR; };
		2D3F87CC1483D078005F549A /* Foundation.framework */ = {isa = PBXFileReference; lastKnownFileType = wrapper.framework; name = Foundation.framework; path = System/Library/Frameworks/Foundation.framework; sourceTree = SDKROOT; };
		2D3F87D01483D078005F549A /* kiss-Prefix.pch */ = {isa = PBXFileReference; path = "kiss-Prefix.pch"; sourceTree = "<group>"; };
		2D3F87D11483D078005F549A /* kiss.h */ = {isa = PBXFileReference; path = kiss.h; sourceTree = "<group>"; };
		2D3F87D21483D078005F549A /* kiss.m */ = {isa = PBXFileReference; lastKnownFileType = sourcecode.c.objc; path = kiss.m; sourceTree = "<group>"; };
/* End PBXFileReference section */

/* Begin PBXFrameworksBuildPhase section */
		2D3F87C61483D078005F549A /* Frameworks */ = {
			isa = PBXFrameworksBuildPhase;
			buildActionMask = 2147483647;
			files = (
				2D3F87CD1483D078005F549A /* Foundation.framework in Frameworks */,
			);
			runOnlyForDeploymentPostprocessing = 0;
		};
/* End PBXFrameworksBuildPhase section */

/* Begin PBXGroup section */
		2D3F87BE1483D078005F549A = {
			isa = PBXGroup;
			children = (
				2D3F87CE1483D078005F549A /* kiss */,
				2D3F87CB1483D078005F549A /* Frameworks */,
				2D3F87CA1483D078005F549A /* Products */,
			);
			sourceTree = "<group>";
		};
		2D3F87CA1483D078005F549A /* Products */ = {
			isa = PBXGroup;
			children = (
				2D3F87C91483D078005F549A /* libkiss.a */,
			);
			name = Products;
			sourceTree = "<group>";
		};
		2D3F87CB1483D078005F549A /* Frameworks */ = {
			isa = PBXGroup;
			children = (
				2D3F87CC1483D078005F549A /* Foundation.framework */,
			);
			name = Frameworks;
			sourceTree = "<group>";
		};
		2D3F87CE1483D078005F549A /* kiss */ = {
			isa = PBXGroup;
			children = (
				2D3F87D11483D078005F549A /* kiss.h */,
				2D3F87D21483D078005F549A /* kiss.m */,
				2D3F87CF1483D078005F549A /* Supporting Files */,
			);
			path = kiss;
			sourceTree = "<group>";
		};
		2D3F87CF1483D078005F549A /* Supporting Files */ = {
			isa = PBXGroup;
			children = (
				2D3F87D01483D078005F549A /* kiss-Prefix.pch */,
			);
			name = "Supporting Files";
			sourceTree = "<group>";
		};
/* End PBXGroup section */

/* Begin PBXHeadersBuildPhase section */
		2D3F87C71483D078005F549A /* Headers */ = {
			isa = PBXHeadersBuildPhase;
			buildActionMask = 2147483647;
			files = (
			);
			runOnlyForDeploymentPostprocessing = 0;
		};
/* End PBXHeadersBuildPhase section */

/* Begin PBXNativeTarget section */
		2D3F87C81483D078005F549A /* kiss */ = {
			isa = PBXNativeTarget;
			buildConfigurationList = 2D3F87D61483D078005F549A /* Build configuration list for PBXNativeTarget "kiss" */;
			buildPhases = (
				2D3F87C51483D078005F549A /* Sources */,
				2D3F87C61483D078005F549A /* Frameworks */,
				2D3F87C71483D078005F549A /* Headers */,
			);
			buildRules = (
			);
			dependencies = (
			);
			name = kiss;
			productName = kiss;
			productReference = 2D3F87C91483D078005F549A /* libkiss.a */;
			productType = "com.apple.product-type.library.static";
		};
/* End PBXNativeTarget section */

/* Begin PBXProject section */
		2D3F87C01483D078005F549A /* Project object */ = {
			isa = PBXProject;
			attributes = {
				LastUpgradeCheck = 0420;
				ORGANIZATIONNAME = qihoo360;
			};
			buildConfigurationList = 2D3F87C31483D078005F549A /* Build configuration list for PBXProject "kiss" */;
			compatibilityVersion = "Xcode 3.2";
			developmentRegion = English;
			hasScannedForEncodings = 0;
			knownRegions = (
				en,
			);
			mainGroup = 2D3F87BE1483D078005F549A;
			productRefGroup = 2D3F87CA1483D078005F549A /* Products */;
			projectDirPath = "";
			projectRoot = "";
			targets = (
				2D3F87C81483D078005F549A /* kiss */,
			);
		};
/* End PBXProject section */

/* Begin PBXSourcesBuildPhase section */
		2D3F87C51483D078005F549A /* Sources */ = {
			isa = PBXSourcesBuildPhase;
			buildActionMask = 2147483647;
			files = (
				2D3F87D31483D078005F549A /* kiss.m in Sources */,
			);
			runOnlyForDeploymentPostprocessing = 0;
		};
/* End PBXSourcesBuildPhase section */

/* Begin XCBuildConfiguration section */
		2D3F87D41483D078005F549A /* Debug */ = {
			isa = XCBuildConfiguration;
			buildSettings = {
				ALWAYS_SEARCH_USER_PATHS = NO;
				ARCHS = "$(ARCHS_STANDARD_32_BIT)";
				CLANG_ENABLE_OBJC_ARC = YES;
				COPY_PHASE_STRIP = NO;
				GCC_C_LANGUAGE_STANDARD = gnu99;
				GCC_DYNAMIC_NO_PIC = NO;
				GCC_OPTIMIZATION_LEVEL = 0;
				GCC_PREPROCESSOR_DEFINITIONS = (
					"DEBUG=1",
					"$(inherited)",
				);
				GCC_SYMBOLS_PRIVATE_EXTERN = NO;
				GCC_VERSION = com.apple.compilers.llvm.clang.1_0;
				GCC_WARN_ABOUT_MISSING_PROTOTYPES = YES;
				GCC_WARN_ABOUT_RETURN_TYPE = YES;
				GCC_WARN_UNUSED_VARIABLE = YES;
				IPHONEOS_DEPLOYMENT_TARGET = 5.0;
				SDKROOT = iphoneos;
			};
			name = Debug;
		};
		2D3F87D51483D078005F549A /* Release */ = {
			isa = XCBuildConfiguration;
			buildSettings = {
				ALWAYS_SEARCH_USER_PATHS = NO;
				ARCHS = "$(ARCHS_STANDARD_32_BIT)";
				CLANG_ENABLE_OBJC_ARC = YES;
				COPY_PHASE_STRIP = YES;
				GCC_C_LANGUAGE_STANDARD = gnu99;
				GCC_VERSION = com.apple.compilers.llvm.clang.1_0;
				GCC_WARN_ABOUT_MISSING_PROTOTYPES = YES;
				GCC_WARN_ABOUT_RETURN_TYPE = YES;
				GCC_WARN_UNUSED_VARIABLE = YES;
				IPHONEOS_DEPLOYMENT_TARGET = 5.0;
				SDKROOT = iphoneos;
				VALIDATE_PRODUCT = YES;
			};
			name = Release;
		};
		2D3F87D71483D078005F549A /* Debug */ = {
			isa = XCBuildConfiguration;
			buildSettings = {
				DSTROOT = /tmp/kiss.dst;
				GCC_PRECOMPILE_PREFIX_HEADER = YES;
				GCC_PREFIX_HEADER = "kiss/kiss-Prefix.pch";
				OTHER_LDFLAGS = "-ObjC";
				PRODUCT_NAME = "$(TARGET_NAME)";
				SKIP_INSTALL = YES;
			};
			name = Debug;
		};
		2D3F87D81483D078005F549A /* Release */ = {
			isa = XCBuildConfiguration;
			buildSettings = {
				DSTROOT = /tmp/kiss.dst;
				GCC_PRECOMPILE_PREFIX_HEADER = YES;
				GCC_PREFIX_HEADER = "kiss/kiss-Prefix.pch";
				OTHER_LDFLAGS = "-ObjC";
				PRODUCT_NAME = "$(TARGET_NAME)";
				SKIP_INSTALL = YES;
			};
			name = Release;
		};
/* End XCBuildConfiguration section */

/* Begin XCConfigurationList section */
		2D3F87C31483D078005F549A /* Build configuration list for PBXProject "kiss" */ = {
			isa = XCConfigurationList;
			buildConfigurations = (
				2D3F87D41483D078005F549A /* Debug */,
				2D3F87D51483D078005F549A /* Release */,
			);
			defaultConfigurationIsVisible = 0;
			defaultConfigurationName = Release;
		};
		2D3F87D61483D078005F549A /* Build configuration list for PBXNativeTarget "kiss" */ = {
			isa = XCConfigurationList;
			buildConfigurations = (
				2D3F87D71483D078005F549A /* Debug */,
				2D3F87D81483D078005F549A /* Release */,
			);
			defaultConfigurationIsVisible = 0;
		};
/* End XCConfigurationList section */
	};
	rootObject = 2D3F87C01483D078005F549A /* Project object */;
}
